GITHUBTARBALL
  remote: boxen/puppet-boxen
  specs:
    boxen (3.11.0)

GITHUBTARBALL
  remote: boxen/puppet-homebrew
  specs:
    homebrew (2.0.0)

GITHUBTARBALL
  remote: boxen/puppet-xquartz
  specs:
    xquartz (1.2.1)

GITHUBTARBALL
  remote: puppetlabs/puppetlabs-stdlib
  specs:
    stdlib (4.8.0)

GITHUBTARBALL
  remote: ripienaar/puppet-module-data
  specs:
    module-data (0.0.4)

DEPENDENCIES
  boxen (= 3.11.0)
  homebrew (= 2.0.0)
  module-data (= 0.0.4)
  stdlib (= 4.8.0)
  xquartz (= 1.2.1)

